
Microsoft Visual Studio Solution File, Format Version 11.00
# Visual Studio 2010
# SharpDevelop 4.4
Project("{FAE04EC0-301F-11D3-BF4B-00C04F79EFBC}") = "tapetes uriangato", "tapetes uriangato\tapetes uriangato.csproj", "{CFCD193E-5E54-444C-82FD-196B100274B5}"
EndProject
Global
	GlobalSection(SolutionConfigurationPlatforms) = preSolution
		Debug|Any CPU = Debug|Any CPU
		Release|Any CPU = Release|Any CPU
	EndGlobalSection
	GlobalSection(ProjectConfigurationPlatforms) = postSolution
		{CFCD193E-5E54-444C-82FD-196B100274B5}.Debug|Any CPU.Build.0 = Debug|Any CPU
		{CFCD193E-5E54-444C-82FD-196B100274B5}.Debug|Any CPU.ActiveCfg = Debug|Any CPU
		{CFCD193E-5E54-444C-82FD-196B100274B5}.Release|Any CPU.Build.0 = Release|Any CPU
		{CFCD193E-5E54-444C-82FD-196B100274B5}.Release|Any CPU.ActiveCfg = Release|Any CPU
	EndGlobalSection
EndGlobal
